// !$*UTF8*$!
{
	archiveVersion = 1;
	classes = {
	};
	objectVersion = 56;
	objects = {

/* Begin PBXBuildFile section */
		270C1C102B86A8FD003BCBED /* RswiftLibrary in Frameworks */ = {isa = PBXBuildFile; productRef = 270C1C0F2B86A8FD003BCBED /* RswiftLibrary */; };
		270C1C122B86A8FD003BCBED /* rswift in Frameworks */ = {isa = PBXBuildFile; productRef = 270C1C112B86A8FD003BCBED /* rswift */; };
		270C1C1E2B86B31B003BCBED /* web3swift in Frameworks */ = {isa = PBXBuildFile; productRef = 270C1C1D2B86B31B003BCBED /* web3swift */; };
		2714DF742B714B8F0013CAA5 /* AppView.swift in Sources */ = {isa = PBXBuildFile; fileRef = 2714DF732B714B8F0013CAA5 /* AppView.swift */; };
		2714DF762B714B910013CAA5 /* Assets.xcassets in Resources */ = {isa = PBXBuildFile; fileRef = 2714DF752B714B910013CAA5 /* Assets.xcassets */; };
		2714DF792B714B910013CAA5 /* Preview Assets.xcassets in Resources */ = {isa = PBXBuildFile; fileRef = 2714DF782B714B910013CAA5 /* Preview Assets.xcassets */; };
		2714DF842B7173D80013CAA5 /* AppDelegate.swift in Sources */ = {isa = PBXBuildFile; fileRef = 2714DF832B7173D80013CAA5 /* AppDelegate.swift */; };
		271E24E12B8544C700F19C85 /* View+Extensions.swift in Sources */ = {isa = PBXBuildFile; fileRef = 271E24E02B8544C700F19C85 /* View+Extensions.swift */; };
		274245222B910CE200583CA0 /* ActivityView.swift in Sources */ = {isa = PBXBuildFile; fileRef = 274245212B910CE200583CA0 /* ActivityView.swift */; };
		27431A852B90FE66006D2ACE /* Wallet.swift in Sources */ = {isa = PBXBuildFile; fileRef = 27431A842B90FE66006D2ACE /* Wallet.swift */; };
		27723C4D2B7D5D57004AA6BD /* SeedViewModel.swift in Sources */ = {isa = PBXBuildFile; fileRef = 27723C4C2B7D5D57004AA6BD /* SeedViewModel.swift */; };
		27723C532B7D5E85004AA6BD /* ViewModelContainer.swift in Sources */ = {isa = PBXBuildFile; fileRef = 27723C522B7D5E85004AA6BD /* ViewModelContainer.swift */; };
		2773BB712B94DE98003A202E /* MainView.swift in Sources */ = {isa = PBXBuildFile; fileRef = 2773BB702B94DE98003A202E /* MainView.swift */; };
		2782007C2B72DBCA003E1CA6 /* Localizable.swift in Sources */ = {isa = PBXBuildFile; fileRef = 2782007B2B72DBCA003E1CA6 /* Localizable.swift */; };
		278F4CCD2B7D56FA00E94543 /* SeedWord.swift in Sources */ = {isa = PBXBuildFile; fileRef = 278F4CCC2B7D56FA00E94543 /* SeedWord.swift */; };
		279DA4452B72CF420061D6E1 /* HomeView.swift in Sources */ = {isa = PBXBuildFile; fileRef = 279DA4442B72CF420061D6E1 /* HomeView.swift */; };
		279DA44F2B72D78B0061D6E1 /* Localizable.xcstrings in Resources */ = {isa = PBXBuildFile; fileRef = 279DA44E2B72D78A0061D6E1 /* Localizable.xcstrings */; };
		27AEBC7E2B8511DC0071AF37 /* Factory.swift in Sources */ = {isa = PBXBuildFile; fileRef = 27AEBC7D2B8511DC0071AF37 /* Factory.swift */; };
		27AEBC802B8512560071AF37 /* HomeFactory.swift in Sources */ = {isa = PBXBuildFile; fileRef = 27AEBC7F2B8512560071AF37 /* HomeFactory.swift */; };
		27AEBC822B8513930071AF37 /* HomeViewModel.swift in Sources */ = {isa = PBXBuildFile; fileRef = 27AEBC812B8513930071AF37 /* HomeViewModel.swift */; };
		27AEBC852B8518430071AF37 /* RouterContainer.swift in Sources */ = {isa = PBXBuildFile; fileRef = 27AEBC842B8518430071AF37 /* RouterContainer.swift */; };
		27CFFC9A2B7BF30300D8A486 /* SeedWordView.swift in Sources */ = {isa = PBXBuildFile; fileRef = 27CFFC992B7BF30300D8A486 /* SeedWordView.swift */; };
		27E51A1F2B81540D009D681B /* BaseRouter.swift in Sources */ = {isa = PBXBuildFile; fileRef = 27E51A1E2B81540D009D681B /* BaseRouter.swift */; };
		27E51A232B815579009D681B /* RouterView.swift in Sources */ = {isa = PBXBuildFile; fileRef = 27E51A222B815579009D681B /* RouterView.swift */; };
		27E51A272B8156E6009D681B /* Routeable.swift in Sources */ = {isa = PBXBuildFile; fileRef = 27E51A262B8156E6009D681B /* Routeable.swift */; };
		27E51A2C2B816433009D681B /* RouteNavigationLink.swift in Sources */ = {isa = PBXBuildFile; fileRef = 27E51A2B2B816433009D681B /* RouteNavigationLink.swift */; };
		27E51A322B8263A2009D681B /* Destinationable.swift in Sources */ = {isa = PBXBuildFile; fileRef = 27E51A312B8263A2009D681B /* Destinationable.swift */; };
		27E51A342B826850009D681B /* HomeRouter.swift in Sources */ = {isa = PBXBuildFile; fileRef = 27E51A332B826850009D681B /* HomeRouter.swift */; };
		27E9B8E52B911C2900FF4E89 /* AnyCancellable+Extensions.swift in Sources */ = {isa = PBXBuildFile; fileRef = 27E9B8E42B911C2900FF4E89 /* AnyCancellable+Extensions.swift */; };
		27F230062B8E5FD400FBAAFA /* BaseViewModel.swift in Sources */ = {isa = PBXBuildFile; fileRef = 27F230052B8E5FD400FBAAFA /* BaseViewModel.swift */; };
		27F2300B2B8E688A00FBAAFA /* Platform.swift in Sources */ = {isa = PBXBuildFile; fileRef = 27F2300A2B8E688A00FBAAFA /* Platform.swift */; };
		27F230142B8E6AC900FBAAFA /* UseCaseProvider.swift in Sources */ = {isa = PBXBuildFile; fileRef = 27F230132B8E6AC900FBAAFA /* UseCaseProvider.swift */; };
		27F230192B8E6B3500FBAAFA /* SessionUseCase.swift in Sources */ = {isa = PBXBuildFile; fileRef = 27F230182B8E6B3500FBAAFA /* SessionUseCase.swift */; };
		27F2301C2B8E6B4B00FBAAFA /* SessionService.swift in Sources */ = {isa = PBXBuildFile; fileRef = 27F2301B2B8E6B4B00FBAAFA /* SessionService.swift */; };
		27F2301E2B8E710C00FBAAFA /* UseCasesConsumer.swift in Sources */ = {isa = PBXBuildFile; fileRef = 27F2301D2B8E710C00FBAAFA /* UseCasesConsumer.swift */; };
		27F230262B8E875400FBAAFA /* AsyncTask.swift in Sources */ = {isa = PBXBuildFile; fileRef = 27F230252B8E875300FBAAFA /* AsyncTask.swift */; };
		27F2302A2B8E8AEB00FBAAFA /* AppError.swift in Sources */ = {isa = PBXBuildFile; fileRef = 27F230292B8E8AEB00FBAAFA /* AppError.swift */; };
		27F82CC32B7563D700B3AEE9 /* SeedView.swift in Sources */ = {isa = PBXBuildFile; fileRef = 27F82CC22B7563D700B3AEE9 /* SeedView.swift */; };
/* End PBXBuildFile section */

/* Begin PBXFileReference section */
		2714DF6E2B714B8F0013CAA5 /* CryptoWallet.app */ = {isa = PBXFileReference; explicitFileType = wrapper.application; includeInIndex = 0; path = CryptoWallet.app; sourceTree = BUILT_PRODUCTS_DIR; };
		2714DF732B714B8F0013CAA5 /* AppView.swift */ = {isa = PBXFileReference; lastKnownFileType = sourcecode.swift; path = AppView.swift; sourceTree = "<group>"; };
		2714DF752B714B910013CAA5 /* Assets.xcassets */ = {isa = PBXFileReference; lastKnownFileType = folder.assetcatalog; path = Assets.xcassets; sourceTree = "<group>"; };
		2714DF782B714B910013CAA5 /* Preview Assets.xcassets */ = {isa = PBXFileReference; lastKnownFileType = folder.assetcatalog; path = "Preview Assets.xcassets"; sourceTree = "<group>"; };
		2714DF832B7173D80013CAA5 /* AppDelegate.swift */ = {isa = PBXFileReference; lastKnownFileType = sourcecode.swift; path = AppDelegate.swift; sourceTree = "<group>"; };
		271E24E02B8544C700F19C85 /* View+Extensions.swift */ = {isa = PBXFileReference; lastKnownFileType = sourcecode.swift; path = "View+Extensions.swift"; sourceTree = "<group>"; };
		274245212B910CE200583CA0 /* ActivityView.swift */ = {isa = PBXFileReference; lastKnownFileType = sourcecode.swift; path = ActivityView.swift; sourceTree = "<group>"; };
		27431A842B90FE66006D2ACE /* Wallet.swift */ = {isa = PBXFileReference; lastKnownFileType = sourcecode.swift; path = Wallet.swift; sourceTree = "<group>"; };
		27723C4C2B7D5D57004AA6BD /* SeedViewModel.swift */ = {isa = PBXFileReference; lastKnownFileType = sourcecode.swift; path = SeedViewModel.swift; sourceTree = "<group>"; };
		27723C522B7D5E85004AA6BD /* ViewModelContainer.swift */ = {isa = PBXFileReference; lastKnownFileType = sourcecode.swift; path = ViewModelContainer.swift; sourceTree = "<group>"; };
		2773BB702B94DE98003A202E /* MainView.swift */ = {isa = PBXFileReference; lastKnownFileType = sourcecode.swift; path = MainView.swift; sourceTree = "<group>"; };
		2782007B2B72DBCA003E1CA6 /* Localizable.swift */ = {isa = PBXFileReference; lastKnownFileType = sourcecode.swift; path = Localizable.swift; sourceTree = "<group>"; };
		278F4CCC2B7D56FA00E94543 /* SeedWord.swift */ = {isa = PBXFileReference; lastKnownFileType = sourcecode.swift; path = SeedWord.swift; sourceTree = "<group>"; };
		279DA4442B72CF420061D6E1 /* HomeView.swift */ = {isa = PBXFileReference; lastKnownFileType = sourcecode.swift; path = HomeView.swift; sourceTree = "<group>"; };
		279DA44E2B72D78A0061D6E1 /* Localizable.xcstrings */ = {isa = PBXFileReference; lastKnownFileType = text.json.xcstrings; path = Localizable.xcstrings; sourceTree = "<group>"; };
		27AEBC7D2B8511DC0071AF37 /* Factory.swift */ = {isa = PBXFileReference; lastKnownFileType = sourcecode.swift; path = Factory.swift; sourceTree = "<group>"; };
		27AEBC7F2B8512560071AF37 /* HomeFactory.swift */ = {isa = PBXFileReference; lastKnownFileType = sourcecode.swift; path = HomeFactory.swift; sourceTree = "<group>"; };
		27AEBC812B8513930071AF37 /* HomeViewModel.swift */ = {isa = PBXFileReference; lastKnownFileType = sourcecode.swift; path = HomeViewModel.swift; sourceTree = "<group>"; };
		27AEBC842B8518430071AF37 /* RouterContainer.swift */ = {isa = PBXFileReference; lastKnownFileType = sourcecode.swift; path = RouterContainer.swift; sourceTree = "<group>"; };
		27CFFC992B7BF30300D8A486 /* SeedWordView.swift */ = {isa = PBXFileReference; lastKnownFileType = sourcecode.swift; path = SeedWordView.swift; sourceTree = "<group>"; };
		27E51A1E2B81540D009D681B /* BaseRouter.swift */ = {isa = PBXFileReference; lastKnownFileType = sourcecode.swift; path = BaseRouter.swift; sourceTree = "<group>"; };
		27E51A222B815579009D681B /* RouterView.swift */ = {isa = PBXFileReference; lastKnownFileType = sourcecode.swift; path = RouterView.swift; sourceTree = "<group>"; };
		27E51A262B8156E6009D681B /* Routeable.swift */ = {isa = PBXFileReference; lastKnownFileType = sourcecode.swift; path = Routeable.swift; sourceTree = "<group>"; };
		27E51A2B2B816433009D681B /* RouteNavigationLink.swift */ = {isa = PBXFileReference; lastKnownFileType = sourcecode.swift; path = RouteNavigationLink.swift; sourceTree = "<group>"; };
		27E51A312B8263A2009D681B /* Destinationable.swift */ = {isa = PBXFileReference; lastKnownFileType = sourcecode.swift; path = Destinationable.swift; sourceTree = "<group>"; };
		27E51A332B826850009D681B /* HomeRouter.swift */ = {isa = PBXFileReference; lastKnownFileType = sourcecode.swift; path = HomeRouter.swift; sourceTree = "<group>"; };
		27E9B8E42B911C2900FF4E89 /* AnyCancellable+Extensions.swift */ = {isa = PBXFileReference; lastKnownFileType = sourcecode.swift; path = "AnyCancellable+Extensions.swift"; sourceTree = "<group>"; };
		27F230052B8E5FD400FBAAFA /* BaseViewModel.swift */ = {isa = PBXFileReference; lastKnownFileType = sourcecode.swift; path = BaseViewModel.swift; sourceTree = "<group>"; };
		27F2300A2B8E688A00FBAAFA /* Platform.swift */ = {isa = PBXFileReference; lastKnownFileType = sourcecode.swift; path = Platform.swift; sourceTree = "<group>"; };
		27F230132B8E6AC900FBAAFA /* UseCaseProvider.swift */ = {isa = PBXFileReference; lastKnownFileType = sourcecode.swift; path = UseCaseProvider.swift; sourceTree = "<group>"; };
		27F230182B8E6B3500FBAAFA /* SessionUseCase.swift */ = {isa = PBXFileReference; lastKnownFileType = sourcecode.swift; path = SessionUseCase.swift; sourceTree = "<group>"; };
		27F2301B2B8E6B4B00FBAAFA /* SessionService.swift */ = {isa = PBXFileReference; lastKnownFileType = sourcecode.swift; path = SessionService.swift; sourceTree = "<group>"; };
		27F2301D2B8E710C00FBAAFA /* UseCasesConsumer.swift */ = {isa = PBXFileReference; lastKnownFileType = sourcecode.swift; path = UseCasesConsumer.swift; sourceTree = "<group>"; };
		27F230252B8E875300FBAAFA /* AsyncTask.swift */ = {isa = PBXFileReference; lastKnownFileType = sourcecode.swift; path = AsyncTask.swift; sourceTree = "<group>"; };
		27F230292B8E8AEB00FBAAFA /* AppError.swift */ = {isa = PBXFileReference; lastKnownFileType = sourcecode.swift; path = AppError.swift; sourceTree = "<group>"; };
		27F82CC22B7563D700B3AEE9 /* SeedView.swift */ = {isa = PBXFileReference; lastKnownFileType = sourcecode.swift; path = SeedView.swift; sourceTree = "<group>"; };
/* End PBXFileReference section */

/* Begin PBXFrameworksBuildPhase section */
		2714DF6B2B714B8F0013CAA5 /* Frameworks */ = {
			isa = PBXFrameworksBuildPhase;
			buildActionMask = 2147483647;
			files = (
				270C1C102B86A8FD003BCBED /* RswiftLibrary in Frameworks */,
				270C1C122B86A8FD003BCBED /* rswift in Frameworks */,
				270C1C1E2B86B31B003BCBED /* web3swift in Frameworks */,
			);
			runOnlyForDeploymentPostprocessing = 0;
		};
/* End PBXFrameworksBuildPhase section */

/* Begin PBXGroup section */
		2714DF652B714B8F0013CAA5 = {
			isa = PBXGroup;
			children = (
				2714DF702B714B8F0013CAA5 /* CryptoWallet */,
				2714DF6F2B714B8F0013CAA5 /* Products */,
			);
			sourceTree = "<group>";
		};
		2714DF6F2B714B8F0013CAA5 /* Products */ = {
			isa = PBXGroup;
			children = (
				2714DF6E2B714B8F0013CAA5 /* CryptoWallet.app */,
			);
			name = Products;
			sourceTree = "<group>";
		};
		2714DF702B714B8F0013CAA5 /* CryptoWallet */ = {
			isa = PBXGroup;
			children = (
				27F230162B8E6B2100FBAAFA /* Services */,
				2714DF772B714B910013CAA5 /* Preview Content */,
				2714DF822B7173C10013CAA5 /* Resources */,
				2714DF812B7173B90013CAA5 /* Views */,
				2714DF802B7173AE0013CAA5 /* Models */,
				2714DF7F2B71726F0013CAA5 /* Components */,
				2714DF832B7173D80013CAA5 /* AppDelegate.swift */,
				27F2300A2B8E688A00FBAAFA /* Platform.swift */,
			);
			path = CryptoWallet;
			sourceTree = "<group>";
		};
		2714DF772B714B910013CAA5 /* Preview Content */ = {
			isa = PBXGroup;
			children = (
				2714DF782B714B910013CAA5 /* Preview Assets.xcassets */,
			);
			path = "Preview Content";
			sourceTree = "<group>";
		};
		2714DF7F2B71726F0013CAA5 /* Components */ = {
			isa = PBXGroup;
			children = (
				27F230282B8E8AE000FBAAFA /* Errors */,
				27F230242B8E874700FBAAFA /* Common */,
				271E24DF2B8544B700F19C85 /* Extensions */,
				27723C4F2B7D5E74004AA6BD /* Protocols */,
				2782007A2B72DBA8003E1CA6 /* String */,
			);
			path = Components;
			sourceTree = "<group>";
		};
		2714DF802B7173AE0013CAA5 /* Models */ = {
			isa = PBXGroup;
			children = (
				27431A832B90FE58006D2ACE /* Wallet */,
				278F4CC92B7D56EB00E94543 /* SeedWord */,
			);
			path = Models;
			sourceTree = "<group>";
		};
		2714DF812B7173B90013CAA5 /* Views */ = {
			isa = PBXGroup;
			children = (
				2773BB6F2B94DE87003A202E /* Main */,
				2742451E2B910CD400583CA0 /* Common */,
				27E51A1B2B8153FF009D681B /* Base */,
				27F82CBC2B75633A00B3AEE9 /* Auth */,
				279DA4432B72CF360061D6E1 /* Home */,
				2714DF732B714B8F0013CAA5 /* AppView.swift */,
			);
			path = Views;
			sourceTree = "<group>";
		};
		2714DF822B7173C10013CAA5 /* Resources */ = {
			isa = PBXGroup;
			children = (
				279DA4472B72D43A0061D6E1 /* String */,
				2714DF752B714B910013CAA5 /* Assets.xcassets */,
			);
			path = Resources;
			sourceTree = "<group>";
		};
		271E24DF2B8544B700F19C85 /* Extensions */ = {
			isa = PBXGroup;
			children = (
				271E24E02B8544C700F19C85 /* View+Extensions.swift */,
				27E9B8E42B911C2900FF4E89 /* AnyCancellable+Extensions.swift */,
			);
			path = Extensions;
			sourceTree = "<group>";
		};
		2742451E2B910CD400583CA0 /* Common */ = {
			isa = PBXGroup;
			children = (
				274245212B910CE200583CA0 /* ActivityView.swift */,
			);
			path = Common;
			sourceTree = "<group>";
		};
		27431A832B90FE58006D2ACE /* Wallet */ = {
			isa = PBXGroup;
			children = (
				27431A842B90FE66006D2ACE /* Wallet.swift */,
			);
			path = Wallet;
			sourceTree = "<group>";
		};
		27723C4F2B7D5E74004AA6BD /* Protocols */ = {
			isa = PBXGroup;
			children = (
				27723C522B7D5E85004AA6BD /* ViewModelContainer.swift */,
				27E51A262B8156E6009D681B /* Routeable.swift */,
				27E51A312B8263A2009D681B /* Destinationable.swift */,
				27AEBC842B8518430071AF37 /* RouterContainer.swift */,
				27F230132B8E6AC900FBAAFA /* UseCaseProvider.swift */,
				27F2301D2B8E710C00FBAAFA /* UseCasesConsumer.swift */,
			);
			path = Protocols;
			sourceTree = "<group>";
		};
		2773BB6F2B94DE87003A202E /* Main */ = {
			isa = PBXGroup;
			children = (
				2773BB702B94DE98003A202E /* MainView.swift */,
			);
			path = Main;
			sourceTree = "<group>";
		};
		2782007A2B72DBA8003E1CA6 /* String */ = {
			isa = PBXGroup;
			children = (
				2782007B2B72DBCA003E1CA6 /* Localizable.swift */,
			);
			path = String;
			sourceTree = "<group>";
		};
		278F4CC92B7D56EB00E94543 /* SeedWord */ = {
			isa = PBXGroup;
			children = (
				278F4CCC2B7D56FA00E94543 /* SeedWord.swift */,
			);
			path = SeedWord;
			sourceTree = "<group>";
		};
		279DA4432B72CF360061D6E1 /* Home */ = {
			isa = PBXGroup;
			children = (
				279DA4442B72CF420061D6E1 /* HomeView.swift */,
				27E51A332B826850009D681B /* HomeRouter.swift */,
				27AEBC7F2B8512560071AF37 /* HomeFactory.swift */,
				27AEBC812B8513930071AF37 /* HomeViewModel.swift */,
			);
			path = Home;
			sourceTree = "<group>";
		};
		279DA4472B72D43A0061D6E1 /* String */ = {
			isa = PBXGroup;
			children = (
				279DA44E2B72D78A0061D6E1 /* Localizable.xcstrings */,
			);
			path = String;
			sourceTree = "<group>";
		};
		27CFFC962B7BF2F300D8A486 /* Views */ = {
			isa = PBXGroup;
			children = (
				27CFFC992B7BF30300D8A486 /* SeedWordView.swift */,
			);
			path = Views;
			sourceTree = "<group>";
		};
		27E51A1B2B8153FF009D681B /* Base */ = {
			isa = PBXGroup;
			children = (
				27E51A1E2B81540D009D681B /* BaseRouter.swift */,
				27E51A222B815579009D681B /* RouterView.swift */,
				27E51A2B2B816433009D681B /* RouteNavigationLink.swift */,
				27AEBC7D2B8511DC0071AF37 /* Factory.swift */,
				27F230052B8E5FD400FBAAFA /* BaseViewModel.swift */,
			);
			path = Base;
			sourceTree = "<group>";
		};
		27F230162B8E6B2100FBAAFA /* Services */ = {
			isa = PBXGroup;
			children = (
				27F230172B8E6B2900FBAAFA /* Session */,
			);
			path = Services;
			sourceTree = "<group>";
		};
		27F230172B8E6B2900FBAAFA /* Session */ = {
			isa = PBXGroup;
			children = (
				27F230182B8E6B3500FBAAFA /* SessionUseCase.swift */,
				27F2301B2B8E6B4B00FBAAFA /* SessionService.swift */,
			);
			path = Session;
			sourceTree = "<group>";
		};
		27F230242B8E874700FBAAFA /* Common */ = {
			isa = PBXGroup;
			children = (
				27F230252B8E875300FBAAFA /* AsyncTask.swift */,
			);
			path = Common;
			sourceTree = "<group>";
		};
		27F230282B8E8AE000FBAAFA /* Errors */ = {
			isa = PBXGroup;
			children = (
				27F230292B8E8AEB00FBAAFA /* AppError.swift */,
			);
			path = Errors;
			sourceTree = "<group>";
		};
		27F82CBC2B75633A00B3AEE9 /* Auth */ = {
			isa = PBXGroup;
			children = (
				27F82CBF2B7563A000B3AEE9 /* Seed */,
			);
			path = Auth;
			sourceTree = "<group>";
		};
		27F82CBF2B7563A000B3AEE9 /* Seed */ = {
			isa = PBXGroup;
			children = (
				27CFFC962B7BF2F300D8A486 /* Views */,
				27F82CC22B7563D700B3AEE9 /* SeedView.swift */,
				27723C4C2B7D5D57004AA6BD /* SeedViewModel.swift */,
			);
			path = Seed;
			sourceTree = "<group>";
		};
/* End PBXGroup section */

/* Begin PBXNativeTarget section */
		2714DF6D2B714B8F0013CAA5 /* CryptoWallet */ = {
			isa = PBXNativeTarget;
			buildConfigurationList = 2714DF7C2B714B910013CAA5 /* Build configuration list for PBXNativeTarget "CryptoWallet" */;
			buildPhases = (
				2714DF6A2B714B8F0013CAA5 /* Sources */,
				2714DF6B2B714B8F0013CAA5 /* Frameworks */,
				2714DF6C2B714B8F0013CAA5 /* Resources */,
			);
			buildRules = (
			);
			dependencies = (
				2714DF8B2B7178CD0013CAA5 /* PBXTargetDependency */,
			);
			name = CryptoWallet;
			packageProductDependencies = (
				270C1C0F2B86A8FD003BCBED /* RswiftLibrary */,
				270C1C112B86A8FD003BCBED /* rswift */,
				270C1C1D2B86B31B003BCBED /* web3swift */,
			);
			productName = CryptoWallet;
			productReference = 2714DF6E2B714B8F0013CAA5 /* CryptoWallet.app */;
			productType = "com.apple.product-type.application";
		};
/* End PBXNativeTarget section */

/* Begin PBXProject section */
		2714DF662B714B8F0013CAA5 /* Project object */ = {
			isa = PBXProject;
			attributes = {
				BuildIndependentTargetsInParallel = 1;
				LastSwiftUpdateCheck = 1510;
				LastUpgradeCheck = 1510;
				TargetAttributes = {
					2714DF6D2B714B8F0013CAA5 = {
						CreatedOnToolsVersion = 15.1;
					};
				};
			};
			buildConfigurationList = 2714DF692B714B8F0013CAA5 /* Build configuration list for PBXProject "CryptoWallet" */;
			compatibilityVersion = "Xcode 14.0";
			developmentRegion = en;
			hasScannedForEncodings = 0;
			knownRegions = (
				en,
				Base,
			);
			mainGroup = 2714DF652B714B8F0013CAA5;
			packageReferences = (
				270C1C0E2B86A8FD003BCBED /* XCRemoteSwiftPackageReference "R.swift" */,
				270C1C1C2B86B31A003BCBED /* XCRemoteSwiftPackageReference "web3swift" */,
			);
			productRefGroup = 2714DF6F2B714B8F0013CAA5 /* Products */;
			projectDirPath = "";
			projectRoot = "";
			targets = (
				2714DF6D2B714B8F0013CAA5 /* CryptoWallet */,
			);
		};
/* End PBXProject section */

/* Begin PBXResourcesBuildPhase section */
		2714DF6C2B714B8F0013CAA5 /* Resources */ = {
			isa = PBXResourcesBuildPhase;
			buildActionMask = 2147483647;
			files = (
				2714DF792B714B910013CAA5 /* Preview Assets.xcassets in Resources */,
				2714DF762B714B910013CAA5 /* Assets.xcassets in Resources */,
				279DA44F2B72D78B0061D6E1 /* Localizable.xcstrings in Resources */,
			);
			runOnlyForDeploymentPostprocessing = 0;
		};
/* End PBXResourcesBuildPhase section */

/* Begin PBXSourcesBuildPhase section */
		2714DF6A2B714B8F0013CAA5 /* Sources */ = {
			isa = PBXSourcesBuildPhase;
			buildActionMask = 2147483647;
			files = (
				27AEBC7E2B8511DC0071AF37 /* Factory.swift in Sources */,
				27AEBC822B8513930071AF37 /* HomeViewModel.swift in Sources */,
				27E51A2C2B816433009D681B /* RouteNavigationLink.swift in Sources */,
				278F4CCD2B7D56FA00E94543 /* SeedWord.swift in Sources */,
				279DA4452B72CF420061D6E1 /* HomeView.swift in Sources */,
				27F82CC32B7563D700B3AEE9 /* SeedView.swift in Sources */,
				27E9B8E52B911C2900FF4E89 /* AnyCancellable+Extensions.swift in Sources */,
				27F2300B2B8E688A00FBAAFA /* Platform.swift in Sources */,
				27E51A342B826850009D681B /* HomeRouter.swift in Sources */,
				2773BB712B94DE98003A202E /* MainView.swift in Sources */,
				27F230142B8E6AC900FBAAFA /* UseCaseProvider.swift in Sources */,
				27723C4D2B7D5D57004AA6BD /* SeedViewModel.swift in Sources */,
				2714DF842B7173D80013CAA5 /* AppDelegate.swift in Sources */,
				27F2301C2B8E6B4B00FBAAFA /* SessionService.swift in Sources */,
				27AEBC852B8518430071AF37 /* RouterContainer.swift in Sources */,
				27E51A272B8156E6009D681B /* Routeable.swift in Sources */,
				27AEBC802B8512560071AF37 /* HomeFactory.swift in Sources */,
				2782007C2B72DBCA003E1CA6 /* Localizable.swift in Sources */,
				27E51A232B815579009D681B /* RouterView.swift in Sources */,
				27723C532B7D5E85004AA6BD /* ViewModelContainer.swift in Sources */,
				27E51A322B8263A2009D681B /* Destinationable.swift in Sources */,
				27E51A1F2B81540D009D681B /* BaseRouter.swift in Sources */,
				27F2302A2B8E8AEB00FBAAFA /* AppError.swift in Sources */,
				27431A852B90FE66006D2ACE /* Wallet.swift in Sources */,
				27F230062B8E5FD400FBAAFA /* BaseViewModel.swift in Sources */,
				274245222B910CE200583CA0 /* ActivityView.swift in Sources */,
				27F230192B8E6B3500FBAAFA /* SessionUseCase.swift in Sources */,
				2714DF742B714B8F0013CAA5 /* AppView.swift in Sources */,
				271E24E12B8544C700F19C85 /* View+Extensions.swift in Sources */,
				27CFFC9A2B7BF30300D8A486 /* SeedWordView.swift in Sources */,
				27F230262B8E875400FBAAFA /* AsyncTask.swift in Sources */,
				27F2301E2B8E710C00FBAAFA /* UseCasesConsumer.swift in Sources */,
			);
			runOnlyForDeploymentPostprocessing = 0;
		};
/* End PBXSourcesBuildPhase section */

/* Begin PBXTargetDependency section */
		2714DF8B2B7178CD0013CAA5 /* PBXTargetDependency */ = {
			isa = PBXTargetDependency;
			productRef = 2714DF8A2B7178CD0013CAA5 /* RswiftGenerateInternalResources */;
		};
/* End PBXTargetDependency section */

/* Begin XCBuildConfiguration section */
		2714DF7A2B714B910013CAA5 /* Debug */ = {
			isa = XCBuildConfiguration;
			buildSettings = {
				ALWAYS_SEARCH_USER_PATHS = NO;
				ASSETCATALOG_COMPILER_GENERATE_SWIFT_ASSET_SYMBOL_EXTENSIONS = YES;
				CLANG_ANALYZER_NONNULL = YES;
				CLANG_ANALYZER_NUMBER_OBJECT_CONVERSION = YES_AGGRESSIVE;
				CLANG_CXX_LANGUAGE_STANDARD = "gnu++20";
				CLANG_ENABLE_MODULES = YES;
				CLANG_ENABLE_OBJC_ARC = YES;
				CLANG_ENABLE_OBJC_WEAK = YES;
				CLANG_WARN_BLOCK_CAPTURE_AUTORELEASING = YES;
				CLANG_WARN_BOOL_CONVERSION = YES;
				CLANG_WARN_COMMA = YES;
				CLANG_WARN_CONSTANT_CONVERSION = YES;
				CLANG_WARN_DEPRECATED_OBJC_IMPLEMENTATIONS = YES;
				CLANG_WARN_DIRECT_OBJC_ISA_USAGE = YES_ERROR;
				CLANG_WARN_DOCUMENTATION_COMMENTS = YES;
				CLANG_WARN_EMPTY_BODY = YES;
				CLANG_WARN_ENUM_CONVERSION = YES;
				CLANG_WARN_INFINITE_RECURSION = YES;
				CLANG_WARN_INT_CONVERSION = YES;
				CLANG_WARN_NON_LITERAL_NULL_CONVERSION = YES;
				CLANG_WARN_OBJC_IMPLICIT_RETAIN_SELF = YES;
				CLANG_WARN_OBJC_LITERAL_CONVERSION = YES;
				CLANG_WARN_OBJC_ROOT_CLASS = YES_ERROR;
				CLANG_WARN_QUOTED_INCLUDE_IN_FRAMEWORK_HEADER = YES;
				CLANG_WARN_RANGE_LOOP_ANALYSIS = YES;
				CLANG_WARN_STRICT_PROTOTYPES = YES;
				CLANG_WARN_SUSPICIOUS_MOVE = YES;
				CLANG_WARN_UNGUARDED_AVAILABILITY = YES_AGGRESSIVE;
				CLANG_WARN_UNREACHABLE_CODE = YES;
				CLANG_WARN__DUPLICATE_METHOD_MATCH = YES;
				COPY_PHASE_STRIP = NO;
				DEBUG_INFORMATION_FORMAT = dwarf;
				ENABLE_STRICT_OBJC_MSGSEND = YES;
				ENABLE_TESTABILITY = YES;
				ENABLE_USER_SCRIPT_SANDBOXING = YES;
				GCC_C_LANGUAGE_STANDARD = gnu17;
				GCC_DYNAMIC_NO_PIC = NO;
				GCC_NO_COMMON_BLOCKS = YES;
				GCC_OPTIMIZATION_LEVEL = 0;
				GCC_PREPROCESSOR_DEFINITIONS = (
					"DEBUG=1",
					"$(inherited)",
				);
				GCC_WARN_64_TO_32_BIT_CONVERSION = YES;
				GCC_WARN_ABOUT_RETURN_TYPE = YES_ERROR;
				GCC_WARN_UNDECLARED_SELECTOR = YES;
				GCC_WARN_UNINITIALIZED_AUTOS = YES_AGGRESSIVE;
				GCC_WARN_UNUSED_FUNCTION = YES;
				GCC_WARN_UNUSED_VARIABLE = YES;
				IPHONEOS_DEPLOYMENT_TARGET = 15.0;
				LOCALIZATION_PREFERS_STRING_CATALOGS = YES;
				MTL_ENABLE_DEBUG_INFO = INCLUDE_SOURCE;
				MTL_FAST_MATH = YES;
				ONLY_ACTIVE_ARCH = YES;
				SDKROOT = iphoneos;
				SWIFT_ACTIVE_COMPILATION_CONDITIONS = "DEBUG $(inherited)";
				SWIFT_OPTIMIZATION_LEVEL = "-Onone";
			};
			name = Debug;
		};
		2714DF7B2B714B910013CAA5 /* Release */ = {
			isa = XCBuildConfiguration;
			buildSettings = {
				ALWAYS_SEARCH_USER_PATHS = NO;
				ASSETCATALOG_COMPILER_GENERATE_SWIFT_ASSET_SYMBOL_EXTENSIONS = YES;
				CLANG_ANALYZER_NONNULL = YES;
				CLANG_ANALYZER_NUMBER_OBJECT_CONVERSION = YES_AGGRESSIVE;
				CLANG_CXX_LANGUAGE_STANDARD = "gnu++20";
				CLANG_ENABLE_MODULES = YES;
				CLANG_ENABLE_OBJC_ARC = YES;
				CLANG_ENABLE_OBJC_WEAK = YES;
				CLANG_WARN_BLOCK_CAPTURE_AUTORELEASING = YES;
				CLANG_WARN_BOOL_CONVERSION = YES;
				CLANG_WARN_COMMA = YES;
				CLANG_WARN_CONSTANT_CONVERSION = YES;
				CLANG_WARN_DEPRECATED_OBJC_IMPLEMENTATIONS = YES;
				CLANG_WARN_DIRECT_OBJC_ISA_USAGE = YES_ERROR;
				CLANG_WARN_DOCUMENTATION_COMMENTS = YES;
				CLANG_WARN_EMPTY_BODY = YES;
				CLANG_WARN_ENUM_CONVERSION = YES;
				CLANG_WARN_INFINITE_RECURSION = YES;
				CLANG_WARN_INT_CONVERSION = YES;
				CLANG_WARN_NON_LITERAL_NULL_CONVERSION = YES;
				CLANG_WARN_OBJC_IMPLICIT_RETAIN_SELF = YES;
				CLANG_WARN_OBJC_LITERAL_CONVERSION = YES;
				CLANG_WARN_OBJC_ROOT_CLASS = YES_ERROR;
				CLANG_WARN_QUOTED_INCLUDE_IN_FRAMEWORK_HEADER = YES;
				CLANG_WARN_RANGE_LOOP_ANALYSIS = YES;
				CLANG_WARN_STRICT_PROTOTYPES = YES;
				CLANG_WARN_SUSPICIOUS_MOVE = YES;
				CLANG_WARN_UNGUARDED_AVAILABILITY = YES_AGGRESSIVE;
				CLANG_WARN_UNREACHABLE_CODE = YES;
				CLANG_WARN__DUPLICATE_METHOD_MATCH = YES;
				COPY_PHASE_STRIP = NO;
				DEBUG_INFORMATION_FORMAT = "dwarf-with-dsym";
				ENABLE_NS_ASSERTIONS = NO;
				ENABLE_STRICT_OBJC_MSGSEND = YES;
				ENABLE_USER_SCRIPT_SANDBOXING = YES;
				GCC_C_LANGUAGE_STANDARD = gnu17;
				GCC_NO_COMMON_BLOCKS = YES;
				GCC_WARN_64_TO_32_BIT_CONVERSION = YES;
				GCC_WARN_ABOUT_RETURN_TYPE = YES_ERROR;
				GCC_WARN_UNDECLARED_SELECTOR = YES;
				GCC_WARN_UNINITIALIZED_AUTOS = YES_AGGRESSIVE;
				GCC_WARN_UNUSED_FUNCTION = YES;
				GCC_WARN_UNUSED_VARIABLE = YES;
				IPHONEOS_DEPLOYMENT_TARGET = 15.0;
				LOCALIZATION_PREFERS_STRING_CATALOGS = YES;
				MTL_ENABLE_DEBUG_INFO = NO;
				MTL_FAST_MATH = YES;
				SDKROOT = iphoneos;
				SWIFT_COMPILATION_MODE = wholemodule;
				VALIDATE_PRODUCT = YES;
			};
			name = Release;
		};
		2714DF7D2B714B910013CAA5 /* Debug */ = {
			isa = XCBuildConfiguration;
			buildSettings = {
				ASSETCATALOG_COMPILER_APPICON_NAME = AppIcon;
				ASSETCATALOG_COMPILER_GLOBAL_ACCENT_COLOR_NAME = AccentColor;
				CODE_SIGN_STYLE = Automatic;
				CURRENT_PROJECT_VERSION = 1;
				DEVELOPMENT_ASSET_PATHS = "\"CryptoWallet/Preview Content\"";
				DEVELOPMENT_TEAM = 37TWXLX4PY;
				ENABLE_PREVIEWS = YES;
				GENERATE_INFOPLIST_FILE = YES;
				INFOPLIST_KEY_UIApplicationSupportsIndirectInputEvents = YES;
				INFOPLIST_KEY_UILaunchScreen_Generation = YES;
				INFOPLIST_KEY_UISupportedInterfaceOrientations_iPad = "UIInterfaceOrientationPortrait UIInterfaceOrientationPortraitUpsideDown UIInterfaceOrientationLandscapeLeft UIInterfaceOrientationLandscapeRight";
				INFOPLIST_KEY_UISupportedInterfaceOrientations_iPhone = "UIInterfaceOrientationPortrait UIInterfaceOrientationLandscapeLeft UIInterfaceOrientationLandscapeRight";
				LD_RUNPATH_SEARCH_PATHS = (
					"$(inherited)",
					"@executable_path/Frameworks",
				);
				MARKETING_VERSION = 1.0;
				PRODUCT_BUNDLE_IDENTIFIER = com.cleveroad.CryptoWallet;
				PRODUCT_NAME = "$(TARGET_NAME)";
				SWIFT_EMIT_LOC_STRINGS = YES;
				SWIFT_VERSION = 5.0;
				TARGETED_DEVICE_FAMILY = "1,2";
			};
			name = Debug;
		};
		2714DF7E2B714B910013CAA5 /* Release */ = {
			isa = XCBuildConfiguration;
			buildSettings = {
				ASSETCATALOG_COMPILER_APPICON_NAME = AppIcon;
				ASSETCATALOG_COMPILER_GLOBAL_ACCENT_COLOR_NAME = AccentColor;
				CODE_SIGN_STYLE = Automatic;
				CURRENT_PROJECT_VERSION = 1;
				DEVELOPMENT_ASSET_PATHS = "\"CryptoWallet/Preview Content\"";
				DEVELOPMENT_TEAM = 37TWXLX4PY;
				ENABLE_PREVIEWS = YES;
				GENERATE_INFOPLIST_FILE = YES;
				INFOPLIST_KEY_UIApplicationSupportsIndirectInputEvents = YES;
				INFOPLIST_KEY_UILaunchScreen_Generation = YES;
				INFOPLIST_KEY_UISupportedInterfaceOrientations_iPad = "UIInterfaceOrientationPortrait UIInterfaceOrientationPortraitUpsideDown UIInterfaceOrientationLandscapeLeft UIInterfaceOrientationLandscapeRight";
				INFOPLIST_KEY_UISupportedInterfaceOrientations_iPhone = "UIInterfaceOrientationPortrait UIInterfaceOrientationLandscapeLeft UIInterfaceOrientationLandscapeRight";
				LD_RUNPATH_SEARCH_PATHS = (
					"$(inherited)",
					"@executable_path/Frameworks",
				);
				MARKETING_VERSION = 1.0;
				PRODUCT_BUNDLE_IDENTIFIER = com.cleveroad.CryptoWallet;
				PRODUCT_NAME = "$(TARGET_NAME)";
				SWIFT_EMIT_LOC_STRINGS = YES;
				SWIFT_VERSION = 5.0;
				TARGETED_DEVICE_FAMILY = "1,2";
			};
			name = Release;
		};
/* End XCBuildConfiguration section */

/* Begin XCConfigurationList section */
		2714DF692B714B8F0013CAA5 /* Build configuration list for PBXProject "CryptoWallet" */ = {
			isa = XCConfigurationList;
			buildConfigurations = (
				2714DF7A2B714B910013CAA5 /* Debug */,
				2714DF7B2B714B910013CAA5 /* Release */,
			);
			defaultConfigurationIsVisible = 0;
			defaultConfigurationName = Release;
		};
		2714DF7C2B714B910013CAA5 /* Build configuration list for PBXNativeTarget "CryptoWallet" */ = {
			isa = XCConfigurationList;
			buildConfigurations = (
				2714DF7D2B714B910013CAA5 /* Debug */,
				2714DF7E2B714B910013CAA5 /* Release */,
			);
			defaultConfigurationIsVisible = 0;
			defaultConfigurationName = Release;
		};
/* End XCConfigurationList section */

/* Begin XCRemoteSwiftPackageReference section */
		270C1C0E2B86A8FD003BCBED /* XCRemoteSwiftPackageReference "R.swift" */ = {
			isa = XCRemoteSwiftPackageReference;
			repositoryURL = "https://github.com/mac-cain13/R.swift.git";
			requirement = {
				kind = upToNextMajorVersion;
				minimumVersion = 7.5.0;
			};
		};
		270C1C1C2B86B31A003BCBED /* XCRemoteSwiftPackageReference "web3swift" */ = {
			isa = XCRemoteSwiftPackageReference;
			repositoryURL = "https://github.com/web3swift-team/web3swift.git";
			requirement = {
				kind = upToNextMajorVersion;
				minimumVersion = 3.2.0;
			};
		};
		2714DF852B71788D0013CAA5 /* XCRemoteSwiftPackageReference "R.swift" */ = {
			isa = XCRemoteSwiftPackageReference;
			repositoryURL = "https://github.com/mac-cain13/R.swift.git";
			requirement = {
				kind = upToNextMajorVersion;
				minimumVersion = 7.5.0;
			};
		};
/* End XCRemoteSwiftPackageReference section */

/* Begin XCSwiftPackageProductDependency section */
		270C1C0F2B86A8FD003BCBED /* RswiftLibrary */ = {
			isa = XCSwiftPackageProductDependency;
			package = 270C1C0E2B86A8FD003BCBED /* XCRemoteSwiftPackageReference "R.swift" */;
			productName = RswiftLibrary;
		};
		270C1C112B86A8FD003BCBED /* rswift */ = {
			isa = XCSwiftPackageProductDependency;
			package = 270C1C0E2B86A8FD003BCBED /* XCRemoteSwiftPackageReference "R.swift" */;
			productName = rswift;
		};
		270C1C1D2B86B31B003BCBED /* web3swift */ = {
			isa = XCSwiftPackageProductDependency;
			package = 270C1C1C2B86B31A003BCBED /* XCRemoteSwiftPackageReference "web3swift" */;
			productName = web3swift;
		};
		2714DF8A2B7178CD0013CAA5 /* RswiftGenerateInternalResources */ = {
			isa = XCSwiftPackageProductDependency;
			package = 2714DF852B71788D0013CAA5 /* XCRemoteSwiftPackageReference "R.swift" */;
			productName = "plugin:RswiftGenerateInternalResources";
		};
/* End XCSwiftPackageProductDependency section */
	};
	rootObject = 2714DF662B714B8F0013CAA5 /* Project object */;
}
